
Microsoft Visual Studio Solution File, Format Version 12.00
# Visual Studio Version 16
VisualStudioVersion = 16.0.32106.194
MinimumVisualStudioVersion = 10.0.40219.1
Project("{FAE04EC0-301F-11D3-BF4B-00C04F79EFBC}") = "WebTestAssessment", "WebTestAssessment\WebTestAssessment.csproj", "{28AE9FCF-4515-4E5E-A985-720C3F940AA9}"
EndProject
Global
	GlobalSection(SolutionConfigurationPlatforms) = preSolution
		Debug|Any CPU = Debug|Any CPU
		Release|Any CPU = Release|Any CPU
	EndGlobalSection
	GlobalSection(ProjectConfigurationPlatforms) = postSolution
		{28AE9FCF-4515-4E5E-A985-720C3F940AA9}.Debug|Any CPU.ActiveCfg = Debug|Any CPU
		{28AE9FCF-4515-4E5E-A985-720C3F940AA9}.Debug|Any CPU.Build.0 = Debug|Any CPU
		{28AE9FCF-4515-4E5E-A985-720C3F940AA9}.Release|Any CPU.ActiveCfg = Release|Any CPU
		{28AE9FCF-4515-4E5E-A985-720C3F940AA9}.Release|Any CPU.Build.0 = Release|Any CPU
	EndGlobalSection
	GlobalSection(SolutionProperties) = preSolution
		HideSolutionNode = FALSE
	EndGlobalSection
	GlobalSection(ExtensibilityGlobals) = postSolution
		SolutionGuid = {54B27B42-AEA0-470D-8182-37F027915E2E}
	EndGlobalSection
EndGlobal
